
Microsoft Visual Studio Solution File, Format Version 12.00
# Visual Studio Version 17
VisualStudioVersion = 17.0.32112.339
MinimumVisualStudioVersion = 10.0.40219.1
Project("{FAE04EC0-301F-11D3-BF4B-00C04F79EFBC}") = "ECommerce.API", "ECommerce.API.csproj", "{48349749-E366-471A-9139-91C694388B2A}"
EndProject
Global
	GlobalSection(SolutionConfigurationPlatforms) = preSolution
		Debug|Any CPU = Debug|Any CPU
		Release|Any CPU = Release|Any CPU
	EndGlobalSection
	GlobalSection(ProjectConfigurationPlatforms) = postSolution
		{48349749-E366-471A-9139-91C694388B2A}.Debug|Any CPU.ActiveCfg = Debug|Any CPU
		{48349749-E366-471A-9139-91C694388B2A}.Debug|Any CPU.Build.0 = Debug|Any CPU
		{48349749-E366-471A-9139-91C694388B2A}.Release|Any CPU.ActiveCfg = Release|Any CPU
		{48349749-E366-471A-9139-91C694388B2A}.Release|Any CPU.Build.0 = Release|Any CPU
	EndGlobalSection
	GlobalSection(SolutionProperties) = preSolution
		HideSolutionNode = FALSE
	EndGlobalSection
	GlobalSection(ExtensibilityGlobals) = postSolution
		SolutionGuid = {10A9D09F-603D-48A3-851B-B084EB332B85}
	EndGlobalSection
EndGlobal
